{
  "nodes": {
    "darwin": {
      "inputs": {
        "nixpkgs": [
          "nixpkgs-darwin"
        ]
      },
      "locked": {
        "lastModified": 1755751773,
        "narHash": "sha256-d1H34kko9J5fWrxCVgfa1TkIwdkGt/eDSVopAWenw24=",
        "owner": "lnl7",
        "repo": "nix-darwin",
        "rev": "3a0a38a1e7ac2c4b4150ea37a491fdffdc9c92e1",
        "type": "github"
      },
      "original": {
        "owner": "lnl7",
        "repo": "nix-darwin",
        "type": "github"
      }
    },
    "home-manager": {
      "inputs": {
        "nixpkgs": [
          "nixpkgs-darwin"
        ]
      },
      "locked": {
        "lastModified": 1755739851,
        "narHash": "sha256-SC703bnPGOPWSEdZN2J2MkJWQBcUHV4QzuvFPdSVUME=",
        "owner": "nix-community",
        "repo": "home-manager",
        "rev": "3c3510e61ca5c15a0f13d73c2232fa2d5478a86c",
        "type": "github"
      },
      "original": {
        "owner": "nix-community",
        "ref": "master",
        "repo": "home-manager",
        "type": "github"
      }
    },
    "kickstart-nvim": {
      "flake": false,
      "locked": {
        "lastModified": 1758400484,
        "narHash": "sha256-2EDR5G6so60LF7e0h6oH/L9EyusBLJLEa+i7nokxybU=",
        "owner": "ruchiistem",
        "repo": "kickstart.nvim",
        "rev": "fcf26277cf894aa93289ed4a3554fec0b2c0d417",
        "type": "github"
      },
      "original": {
        "owner": "ruchiistem",
        "repo": "kickstart.nvim",
        "type": "github"
      }
    },
    "nixpkgs": {
      "locked": {
        "lastModified": 0,
        "narHash": "sha256-xlpHmgBxUnvHo8FNnju0sgnEyasb4gC607b+keqjmX8=",
        "path": "/nix/store/ni6j19zlxc7c5zsp53cwa2vnyk62gvci-source",
        "type": "path"
      },
      "original": {
        "id": "nixpkgs",
        "type": "indirect"
      }
    },
    "nixpkgs-darwin": {
      "locked": {
        "lastModified": 1755577059,
        "narHash": "sha256-5hYhxIpco8xR+IpP3uU56+4+Bw7mf7EMyxS/HqUYHQY=",
        "owner": "nixos",
        "repo": "nixpkgs",
        "rev": "97eb7ee0da337d385ab015a23e15022c865be75c",
        "type": "github"
      },
      "original": {
        "owner": "nixos",
        "ref": "nixpkgs-unstable",
        "repo": "nixpkgs",
        "type": "github"
      }
    },
    "root": {
      "inputs": {
        "darwin": "darwin",
        "home-manager": "home-manager",
        "kickstart-nvim": "kickstart-nvim",
        "nixpkgs": "nixpkgs",
        "nixpkgs-darwin": "nixpkgs-darwin"
      }
    }
  },
  "root": "root",
  "version": 7
}
