{
  "nodes": {
    "darwin": {
      "inputs": {
        "nixpkgs": [
          "nixpkgs-darwin"
        ]
      },
      "locked": {
        "lastModified": 1760338583,
        "narHash": "sha256-IGwy02SH5K2hzIFrKMRsCmyvwOwWxrcquiv4DbKL1S4=",
        "owner": "lnl7",
        "repo": "nix-darwin",
        "rev": "9a9ab01072f78823ca627ae5e895e40d493c3ecf",
        "type": "github"
      },
      "original": {
        "owner": "lnl7",
        "repo": "nix-darwin",
        "type": "github"
      }
    },
    "home-manager": {
      "inputs": {
        "nixpkgs": [
          "nixpkgs-darwin"
        ]
      },
      "locked": {
        "lastModified": 1760462439,
        "narHash": "sha256-bks3rTsKGlqehk4l7rViIg2lBnUsY6we22O+ecRZB/c=",
        "owner": "nix-community",
        "repo": "home-manager",
        "rev": "990e5ce6791ff1f497a61280a82eb66e3789e0e9",
        "type": "github"
      },
      "original": {
        "owner": "nix-community",
        "ref": "master",
        "repo": "home-manager",
        "type": "github"
      }
    },
    "kickstart-nvim": {
      "flake": false,
      "locked": {
        "lastModified": 1747948204,
        "narHash": "sha256-R59087fZQVRxyD47T0TPwjbq3s+N+aJAcT7S5AZhQz8=",
        "owner": "ruchirajkarki",
        "repo": "kickstart.nvim",
        "rev": "3338d3920620861f8313a2745fd5d2be39f39534",
        "type": "github"
      },
      "original": {
        "owner": "ruchirajkarki",
        "repo": "kickstart.nvim",
        "type": "github"
      }
    },
    "nixpkgs": {
      "locked": {
        "lastModified": 1760349414,
        "narHash": "sha256-W4Ri1ZwYuNcBzqQQa7NnWfrv0wHMo7rduTWjIeU9dZk=",
        "owner": "NixOS",
        "repo": "nixpkgs",
        "rev": "c12c63cd6c5eb34c7b4c3076c6a99e00fcab86ec",
        "type": "github"
      },
      "original": {
        "id": "nixpkgs",
        "type": "indirect"
      }
    },
    "nixpkgs-darwin": {
      "locked": {
        "lastModified": 1760349414,
        "narHash": "sha256-W4Ri1ZwYuNcBzqQQa7NnWfrv0wHMo7rduTWjIeU9dZk=",
        "owner": "nixos",
        "repo": "nixpkgs",
        "rev": "c12c63cd6c5eb34c7b4c3076c6a99e00fcab86ec",
        "type": "github"
      },
      "original": {
        "owner": "nixos",
        "ref": "nixpkgs-unstable",
        "repo": "nixpkgs",
        "type": "github"
      }
    },
    "root": {
      "inputs": {
        "darwin": "darwin",
        "home-manager": "home-manager",
        "kickstart-nvim": "kickstart-nvim",
        "nixpkgs": "nixpkgs",
        "nixpkgs-darwin": "nixpkgs-darwin"
      }
    }
  },
  "root": "root",
  "version": 7
}
