{
  "nodes": {
    "darwin": {
      "inputs": {
        "nixpkgs": [
          "nixpkgs-darwin"
        ]
      },
      "locked": {
        "lastModified": 1742165923,
        "narHash": "sha256-WKzuVsHXjuxYjS9KxKdpoPWpT37LofyS5llSssEw058=",
        "owner": "LnL7",
        "repo": "nix-darwin",
        "rev": "95eac71bf52b271523d0ca81dbbeb3182990fc24",
        "type": "github"
      },
      "original": {
        "owner": "LnL7",
        "repo": "nix-darwin",
        "type": "github"
      }
    },
    "nixpkgs": {
      "locked": {
        "lastModified": 1742237028,
        "narHash": "sha256-xlpHmgBxUnvHo8FNnju0sgnEyasb4gC607b+keqjmX8=",
        "owner": "NixOS",
        "repo": "nixpkgs",
        "rev": "9bc8a90931262245919a26f995c1f24c6c70d3fe",
        "type": "github"
      },
      "original": {
        "id": "nixpkgs",
        "type": "indirect"
      }
    },
    "nixpkgs-darwin": {
      "locked": {
        "lastModified": 1742237028,
        "narHash": "sha256-xlpHmgBxUnvHo8FNnju0sgnEyasb4gC607b+keqjmX8=",
        "owner": "nixos",
        "repo": "nixpkgs",
        "rev": "9bc8a90931262245919a26f995c1f24c6c70d3fe",
        "type": "github"
      },
      "original": {
        "owner": "nixos",
        "ref": "nixpkgs-unstable",
        "repo": "nixpkgs",
        "type": "github"
      }
    },
    "root": {
      "inputs": {
        "darwin": "darwin",
        "nixpkgs": "nixpkgs",
        "nixpkgs-darwin": "nixpkgs-darwin"
      }
    }
  },
  "root": "root",
  "version": 7
}
